
Microsoft Visual Studio Solution File, Format Version 12.00
# Visual Studio Version 16
VisualStudioVersion = 16.0.30204.135
MinimumVisualStudioVersion = 10.0.40219.1
Project("{FAE04EC0-301F-11D3-BF4B-00C04F79EFBC}") = "net-core-api-push-notification-demo", "net-core-api-push-notification-demo.csproj", "{C212274D-A2E7-4E52-830D-199502B61F5E}"
EndProject
Global
	GlobalSection(SolutionConfigurationPlatforms) = preSolution
		Debug|Any CPU = Debug|Any CPU
		Release|Any CPU = Release|Any CPU
	EndGlobalSection
	GlobalSection(ProjectConfigurationPlatforms) = postSolution
		{C212274D-A2E7-4E52-830D-199502B61F5E}.Debug|Any CPU.ActiveCfg = Debug|Any CPU
		{C212274D-A2E7-4E52-830D-199502B61F5E}.Debug|Any CPU.Build.0 = Debug|Any CPU
		{C212274D-A2E7-4E52-830D-199502B61F5E}.Release|Any CPU.ActiveCfg = Release|Any CPU
		{C212274D-A2E7-4E52-830D-199502B61F5E}.Release|Any CPU.Build.0 = Release|Any CPU
	EndGlobalSection
	GlobalSection(SolutionProperties) = preSolution
		HideSolutionNode = FALSE
	EndGlobalSection
	GlobalSection(ExtensibilityGlobals) = postSolution
		SolutionGuid = {290A58D6-1267-4DD6-BE48-90E8417909AB}
	EndGlobalSection
EndGlobal
